
Microsoft Visual Studio Solution File, Format Version 12.00
# Visual Studio Version 17
VisualStudioVersion = 17.5.33530.505
MinimumVisualStudioVersion = 10.0.40219.1
Project("{9A19103F-16F7-4668-BE54-9A1E7A4F7556}") = "Maux.Sample", "Maux.Sample\Maux.Sample.csproj", "{61C9B2FD-80CC-4474-A9B4-D19A01745DE8}"
EndProject
Project("{9A19103F-16F7-4668-BE54-9A1E7A4F7556}") = "Maux.Mvvm", "Maux.Mvvm\Maux.Mvvm.csproj", "{9D999BBF-A4E1-430E-AFC3-715E24F12F46}"
EndProject
Project("{2150E333-8FDC-42A3-9474-1A3956D46DE8}") = "Docs", "Docs", "{0190B2CB-BEA0-47F0-944E-C98E52043B67}"
	ProjectSection(SolutionItems) = preProject
		README.md = README.md
	EndProjectSection
EndProject
Global
	GlobalSection(SolutionConfigurationPlatforms) = preSolution
		Debug|Any CPU = Debug|Any CPU
		Release|Any CPU = Release|Any CPU
	EndGlobalSection
	GlobalSection(ProjectConfigurationPlatforms) = postSolution
		{61C9B2FD-80CC-4474-A9B4-D19A01745DE8}.Debug|Any CPU.ActiveCfg = Debug|Any CPU
		{61C9B2FD-80CC-4474-A9B4-D19A01745DE8}.Debug|Any CPU.Build.0 = Debug|Any CPU
		{61C9B2FD-80CC-4474-A9B4-D19A01745DE8}.Debug|Any CPU.Deploy.0 = Debug|Any CPU
		{61C9B2FD-80CC-4474-A9B4-D19A01745DE8}.Release|Any CPU.ActiveCfg = Release|Any CPU
		{61C9B2FD-80CC-4474-A9B4-D19A01745DE8}.Release|Any CPU.Build.0 = Release|Any CPU
		{61C9B2FD-80CC-4474-A9B4-D19A01745DE8}.Release|Any CPU.Deploy.0 = Release|Any CPU
		{9D999BBF-A4E1-430E-AFC3-715E24F12F46}.Debug|Any CPU.ActiveCfg = Debug|Any CPU
		{9D999BBF-A4E1-430E-AFC3-715E24F12F46}.Debug|Any CPU.Build.0 = Debug|Any CPU
		{9D999BBF-A4E1-430E-AFC3-715E24F12F46}.Release|Any CPU.ActiveCfg = Release|Any CPU
		{9D999BBF-A4E1-430E-AFC3-715E24F12F46}.Release|Any CPU.Build.0 = Release|Any CPU
	EndGlobalSection
	GlobalSection(SolutionProperties) = preSolution
		HideSolutionNode = FALSE
	EndGlobalSection
EndGlobal
